
Microsoft Visual Studio Solution File, Format Version 12.00
# Visual Studio Version 17
VisualStudioVersion = 17.12.35323.107
MinimumVisualStudioVersion = 10.0.40219.1
Project("{FAE04EC0-301F-11D3-BF4B-00C04F79EFBC}") = "spisokDel", "spisokDel\spisokDel.csproj", "{6C7E4499-1149-44DD-89AC-4FCEB4E79114}"
EndProject
Global
	GlobalSection(SolutionConfigurationPlatforms) = preSolution
		Debug|Any CPU = Debug|Any CPU
		Release|Any CPU = Release|Any CPU
	EndGlobalSection
	GlobalSection(ProjectConfigurationPlatforms) = postSolution
		{6C7E4499-1149-44DD-89AC-4FCEB4E79114}.Debug|Any CPU.ActiveCfg = Debug|Any CPU
		{6C7E4499-1149-44DD-89AC-4FCEB4E79114}.Debug|Any CPU.Build.0 = Debug|Any CPU
		{6C7E4499-1149-44DD-89AC-4FCEB4E79114}.Release|Any CPU.ActiveCfg = Release|Any CPU
		{6C7E4499-1149-44DD-89AC-4FCEB4E79114}.Release|Any CPU.Build.0 = Release|Any CPU
	EndGlobalSection
	GlobalSection(SolutionProperties) = preSolution
		HideSolutionNode = FALSE
	EndGlobalSection
	GlobalSection(ExtensibilityGlobals) = postSolution
		SolutionGuid = {9CAA618A-43A6-485C-8F0C-725D941B0B2D}
	EndGlobalSection
EndGlobal
